<?xml version="1.0" encoding="utf-8"?>
<Project ToolsVersion="4.0" xmlns="http://schemas.microsoft.com/developer/msbuild/2003">
  <ItemGroup>
    <Filter Include="Source Files">
      <UniqueIdentifier>{4FC737F1-C7A5-4376-A066-2A32D752A2FF}</UniqueIdentifier>
      <Extensions>qml;cpp;c;cc;cxx;def;odl;idl;hpj;bat;asm;asmx</Extensions>
    </Filter>
    <Filter Include="Header Files">
      <UniqueIdentifier>{93995380-89BD-4b04-88EB-625FBE52EBFB}</UniqueIdentifier>
      <Extensions>h;hh;hpp;hxx;hm;inl;inc;xsd</Extensions>
    </Filter>
    <Filter Include="Resource Files">
      <UniqueIdentifier>{67DA6AB6-F800-4c08-8B7A-83BB121AAD01}</UniqueIdentifier>
      <Extensions>qrc;rc;ico;cur;bmp;dlg;rc2;rct;bin;rgs;gif;jpg;jpeg;jpe;resx;tiff;tif;png;wav;mfcribbon-ms</Extensions>
    </Filter>
    <Filter Include="Translation Files">
      <UniqueIdentifier>{639EADAA-A684-42e4-A9AD-28FC9BCB8F7C}</UniqueIdentifier>
      <Extensions>ts</Extensions>
    </Filter>
    <Filter Include="Coin extension">
      <UniqueIdentifier>{525cd21e-c57f-4a64-b2ea-9d00af633945}</UniqueIdentifier>
    </Filter>
    <Filter Include="Navigation Style">
      <UniqueIdentifier>{0d7121ed-736f-4aa3-a3da-32c5ee3d9af1}</UniqueIdentifier>
    </Filter>
    <Filter Include="Quarter">
      <UniqueIdentifier>{b8bd3cce-f23c-4a5c-94df-765e027680bb}</UniqueIdentifier>
    </Filter>
  </ItemGroup>
  <ItemGroup>
    <ClCompile Include="Quarter\ContextMenu.cpp">
      <Filter>Quarter</Filter>
    </ClCompile>
    <ClCompile Include="Quarter\DragDropHandler.cpp">
      <Filter>Quarter</Filter>
    </ClCompile>
    <ClCompile Include="Quarter\EventFilter.cpp">
      <Filter>Quarter</Filter>
    </ClCompile>
    <ClCompile Include="Quarter\FocusHandler.cpp">
      <Filter>Quarter</Filter>
    </ClCompile>
    <ClCompile Include="Quarter\ImageReader.cpp">
      <Filter>Quarter</Filter>
    </ClCompile>
    <ClCompile Include="Quarter\InputDevice.cpp">
      <Filter>Quarter</Filter>
    </ClCompile>
    <ClCompile Include="Quarter\InteractionMode.cpp">
      <Filter>Quarter</Filter>
    </ClCompile>
    <ClCompile Include="Quarter\Keyboard.cpp">
      <Filter>Quarter</Filter>
    </ClCompile>
    <ClCompile Include="Quarter\KeyboardP.cpp">
      <Filter>Quarter</Filter>
    </ClCompile>
    <ClCompile Include="Quarter\moc_ContextMenu.cpp">
      <Filter>Quarter</Filter>
    </ClCompile>
    <ClCompile Include="Quarter\moc_InteractionMode.cpp">
      <Filter>Quarter</Filter>
    </ClCompile>
    <ClCompile Include="Quarter\moc_QuarterWidget.cpp">
      <Filter>Quarter</Filter>
    </ClCompile>
    <ClCompile Include="Quarter\moc_SensorManager.cpp">
      <Filter>Quarter</Filter>
    </ClCompile>
    <ClCompile Include="Quarter\moc_SignalThread.cpp">
      <Filter>Quarter</Filter>
    </ClCompile>
    <ClCompile Include="Quarter\Mouse.cpp">
      <Filter>Quarter</Filter>
    </ClCompile>
    <ClCompile Include="Quarter\NativeEvent.cpp">
      <Filter>Quarter</Filter>
    </ClCompile>
    <ClCompile Include="Quarter\QtCoinCompatibility.cpp">
      <Filter>Quarter</Filter>
    </ClCompile>
    <ClCompile Include="Quarter\Quarter.cpp">
      <Filter>Quarter</Filter>
    </ClCompile>
    <ClCompile Include="Quarter\QuarterP.cpp">
      <Filter>Quarter</Filter>
    </ClCompile>
    <ClCompile Include="Quarter\QuarterWidget.cpp">
      <Filter>Quarter</Filter>
    </ClCompile>
    <ClCompile Include="Quarter\QuarterWidgetP.cpp">
      <Filter>Quarter</Filter>
    </ClCompile>
    <ClCompile Include="Quarter\SensorManager.cpp">
      <Filter>Quarter</Filter>
    </ClCompile>
    <ClCompile Include="Quarter\SignalThread.cpp">
      <Filter>Quarter</Filter>
    </ClCompile>
    <ClCompile Include="Quarter\SoQTQuarterAdaptor.cpp">
      <Filter>Quarter</Filter>
    </ClCompile>
    <ClCompile Include="Quarter\SpaceNavigatorDevice.cpp">
      <Filter>Quarter</Filter>
    </ClCompile>
    <ClCompile Include="Quarter\eventhandlers\moc_DragDropHandler.cpp">
      <Filter>Quarter</Filter>
    </ClCompile>
    <ClCompile Include="Quarter\eventhandlers\moc_EventFilter.cpp">
      <Filter>Quarter</Filter>
    </ClCompile>
    <ClCompile Include="Quarter\eventhandlers\moc_FocusHandler.cpp">
      <Filter>Quarter</Filter>
    </ClCompile>
    <ClCompile Include="Open3DViewer\SoAxisCrossKit.cpp">
      <Filter>Coin extension</Filter>
    </ClCompile>
    <ClCompile Include="Open3DViewer\SoBrepEdgeSet.cpp">
      <Filter>Coin extension</Filter>
    </ClCompile>
    <ClCompile Include="Open3DViewer\SoBrepFaceSet.cpp">
      <Filter>Coin extension</Filter>
    </ClCompile>
    <ClCompile Include="Open3DViewer\SoBrepPointSet.cpp">
      <Filter>Coin extension</Filter>
    </ClCompile>
    <ClCompile Include="Open3DViewer\SoFCBackgroundGradient.cpp">
      <Filter>Coin extension</Filter>
    </ClCompile>
    <ClCompile Include="Open3DViewer\SoFCBoundingBox.cpp">
      <Filter>Coin extension</Filter>
    </ClCompile>
    <ClCompile Include="Open3DViewer\SoFCInteractiveElement.cpp">
      <Filter>Coin extension</Filter>
    </ClCompile>
    <ClCompile Include="Open3DViewer\SoFCSelectionAction.cpp">
      <Filter>Coin extension</Filter>
    </ClCompile>
    <ClCompile Include="Open3DViewer\SoFCSelectionContext.cpp">
      <Filter>Coin extension</Filter>
    </ClCompile>
    <ClCompile Include="Open3DViewer\SoFCUnifiedSelection.cpp">
      <Filter>Coin extension</Filter>
    </ClCompile>
    <ClCompile Include="Open3DViewer\SoMouseWheelEvent.cpp">
      <Filter>Coin extension</Filter>
    </ClCompile>
    <ClCompile Include="Open3DViewer\SoTouchEvents.cpp">
      <Filter>Coin extension</Filter>
    </ClCompile>
    <ClCompile Include="Open3DViewer\BlenderNavigationStyle.cpp">
      <Filter>Navigation Style</Filter>
    </ClCompile>
    <ClCompile Include="Open3DViewer\CADNavigationStyle.cpp">
      <Filter>Navigation Style</Filter>
    </ClCompile>
    <ClCompile Include="Open3DViewer\GestureNavigationStyle.cpp">
      <Filter>Navigation Style</Filter>
    </ClCompile>
    <ClCompile Include="Open3DViewer\InventorNavigationStyle.cpp">
      <Filter>Navigation Style</Filter>
    </ClCompile>
    <ClCompile Include="Open3DViewer\MayaGestureNavigationStyle.cpp">
      <Filter>Navigation Style</Filter>
    </ClCompile>
    <ClCompile Include="Open3DViewer\NavigationStyle.cpp">
      <Filter>Navigation Style</Filter>
    </ClCompile>
    <ClCompile Include="Open3DViewer\OpenCascadeNavigationStyle.cpp">
      <Filter>Navigation Style</Filter>
    </ClCompile>
    <ClCompile Include="Open3DViewer\RevitNavigationStyle.cpp">
      <Filter>Navigation Style</Filter>
    </ClCompile>
    <ClCompile Include="Open3DViewer\TouchpadNavigationStyle.cpp">
      <Filter>Navigation Style</Filter>
    </ClCompile>
    <ClCompile Include="Open3DViewer\BaseClass.cpp">
      <Filter>Source Files</Filter>
    </ClCompile>
    <ClCompile Include="Open3DViewer\DualQuaternion.cpp">
      <Filter>Source Files</Filter>
    </ClCompile>
    <ClCompile Include="Open3DViewer\GLPainter.cpp">
      <Filter>Source Files</Filter>
    </ClCompile>
    <ClCompile Include="Open3DViewer\Material.cpp">
      <Filter>Source Files</Filter>
    </ClCompile>
    <ClCompile Include="Open3DViewer\Matrix.cpp">
      <Filter>Source Files</Filter>
    </ClCompile>
    <ClCompile Include="Open3DViewer\Measure.cpp">
      <Filter>Source Files</Filter>
    </ClCompile>
    <ClCompile Include="Open3DViewer\MenuManager.cpp">
      <Filter>Source Files</Filter>
    </ClCompile>
    <ClCompile Include="Open3DViewer\MouseSelection.cpp">
      <Filter>Source Files</Filter>
    </ClCompile>
    <ClCompile Include="Open3DViewer\Placement.cpp">
      <Filter>Source Files</Filter>
    </ClCompile>
    <ClCompile Include="Open3DViewer\Rotation.cpp">
      <Filter>Source Files</Filter>
    </ClCompile>
    <ClCompile Include="Open3DViewer\Selection.cpp">
      <Filter>Source Files</Filter>
    </ClCompile>
    <ClCompile Include="Open3DViewer\Tools.cpp">
      <Filter>Source Files</Filter>
    </ClCompile>
    <ClCompile Include="Open3DViewer\Type.cpp">
      <Filter>Source Files</Filter>
    </ClCompile>
    <ClCompile Include="Open3DViewer\Vector3D.cpp">
      <Filter>Source Files</Filter>
    </ClCompile>
    <ClCompile Include="Open3DViewer\View3DInventor.cpp">
      <Filter>Source Files</Filter>
    </ClCompile>
    <ClCompile Include="Open3DViewer\ViewProvider.cpp">
      <Filter>Source Files</Filter>
    </ClCompile>
    <ClCompile Include="Open3DViewer\ViewProviderPartExt.cpp">
      <Filter>Source Files</Filter>
    </ClCompile>
    <ClCompile Include="Open3DViewer\MainViewer.cpp">
      <Filter>Source Files</Filter>
    </ClCompile>
    <ClCompile Include="main.cpp">
      <Filter>Source Files</Filter>
    </ClCompile>
  </ItemGroup>
  <ItemGroup>
    <ClInclude Include="Quarter\Basic.h">
      <Filter>Quarter</Filter>
    </ClInclude>
    <ClInclude Include="Quarter\ImageReader.h">
      <Filter>Quarter</Filter>
    </ClInclude>
    <ClInclude Include="Quarter\KeyboardP.h">
      <Filter>Quarter</Filter>
    </ClInclude>
    <ClInclude Include="Quarter\NativeEvent.h">
      <Filter>Quarter</Filter>
    </ClInclude>
    <ClInclude Include="Quarter\QtCoinCompatibility.h">
      <Filter>Quarter</Filter>
    </ClInclude>
    <ClInclude Include="Quarter\QtOpenGL.h">
      <Filter>Quarter</Filter>
    </ClInclude>
    <ClInclude Include="Quarter\quarter.h">
      <Filter>Quarter</Filter>
    </ClInclude>
    <ClInclude Include="Quarter\QuarterP.h">
      <Filter>Quarter</Filter>
    </ClInclude>
    <ClInclude Include="Quarter\QuarterWidgetP.h">
      <Filter>Quarter</Filter>
    </ClInclude>
    <ClInclude Include="Quarter\SoQTQuarterAdaptor.h">
      <Filter>Quarter</Filter>
    </ClInclude>
    <ClInclude Include="Quarter\devices\InputDevice.h">
      <Filter>Quarter</Filter>
    </ClInclude>
    <ClInclude Include="Quarter\devices\Keyboard.h">
      <Filter>Quarter</Filter>
    </ClInclude>
    <ClInclude Include="Quarter\devices\Mouse.h">
      <Filter>Quarter</Filter>
    </ClInclude>
    <ClInclude Include="Quarter\devices\SpaceNavigatorDevice.h">
      <Filter>Quarter</Filter>
    </ClInclude>
    <ClInclude Include="Open3DViewer\SoAxisCrossKit.h">
      <Filter>Coin extension</Filter>
    </ClInclude>
    <ClInclude Include="Open3DViewer\SoBrepEdgeSet.h">
      <Filter>Coin extension</Filter>
    </ClInclude>
    <ClInclude Include="Open3DViewer\SoBrepFaceSet.h">
      <Filter>Coin extension</Filter>
    </ClInclude>
    <ClInclude Include="Open3DViewer\SoBrepPointSet.h">
      <Filter>Coin extension</Filter>
    </ClInclude>
    <ClInclude Include="Open3DViewer\SoFCBackgroundGradient.h">
      <Filter>Coin extension</Filter>
    </ClInclude>
    <ClInclude Include="Open3DViewer\SoFCBoundingBox.h">
      <Filter>Coin extension</Filter>
    </ClInclude>
    <ClInclude Include="Open3DViewer\SoFCInteractiveElement.h">
      <Filter>Coin extension</Filter>
    </ClInclude>
    <ClInclude Include="Open3DViewer\SoFCSelectionAction.h">
      <Filter>Coin extension</Filter>
    </ClInclude>
    <ClInclude Include="Open3DViewer\SoFCSelectionContext.h">
      <Filter>Coin extension</Filter>
    </ClInclude>
    <ClInclude Include="Open3DViewer\SoFCUnifiedSelection.h">
      <Filter>Coin extension</Filter>
    </ClInclude>
    <ClInclude Include="Open3DViewer\SoMouseWheelEvent.h">
      <Filter>Coin extension</Filter>
    </ClInclude>
    <ClInclude Include="Open3DViewer\SoTouchEvents.h">
      <Filter>Coin extension</Filter>
    </ClInclude>
    <ClInclude Include="Open3DViewer\BaseClass.h">
      <Filter>Header Files</Filter>
    </ClInclude>
    <ClInclude Include="Open3DViewer\Converter.h">
      <Filter>Header Files</Filter>
    </ClInclude>
    <ClInclude Include="Open3DViewer\DualNumber.h">
      <Filter>Header Files</Filter>
    </ClInclude>
    <ClInclude Include="Open3DViewer\DualQuaternion.h">
      <Filter>Header Files</Filter>
    </ClInclude>
    <ClInclude Include="Open3DViewer\GLPainter.h">
      <Filter>Header Files</Filter>
    </ClInclude>
    <ClInclude Include="Open3DViewer\Material.h">
      <Filter>Header Files</Filter>
    </ClInclude>
    <ClInclude Include="Open3DViewer\Matrix.h">
      <Filter>Header Files</Filter>
    </ClInclude>
    <ClInclude Include="Open3DViewer\MenuManager.h">
      <Filter>Header Files</Filter>
    </ClInclude>
    <ClInclude Include="Open3DViewer\MouseSelection.h">
      <Filter>Header Files</Filter>
    </ClInclude>
    <ClInclude Include="Open3DViewer\Observer.h">
      <Filter>Header Files</Filter>
    </ClInclude>
    <ClInclude Include="Open3DViewer\Placement.h">
      <Filter>Header Files</Filter>
    </ClInclude>
    <ClInclude Include="Open3DViewer\QtOpenGL.h">
      <Filter>Header Files</Filter>
    </ClInclude>
    <ClInclude Include="Open3DViewer\Rotation.h">
      <Filter>Header Files</Filter>
    </ClInclude>
    <ClInclude Include="Open3DViewer\Selection.h">
      <Filter>Header Files</Filter>
    </ClInclude>
    <ClInclude Include="Open3DViewer\Tools.h">
      <Filter>Header Files</Filter>
    </ClInclude>
    <ClInclude Include="Open3DViewer\Type.h">
      <Filter>Header Files</Filter>
    </ClInclude>
    <ClInclude Include="Open3DViewer\Vector3D.h">
      <Filter>Header Files</Filter>
    </ClInclude>
    <ClInclude Include="Open3DViewer\View3DInventor.h">
      <Filter>Header Files</Filter>
    </ClInclude>
    <ClInclude Include="Open3DViewer\ViewProvider.h">
      <Filter>Header Files</Filter>
    </ClInclude>
    <ClInclude Include="Open3DViewer\ViewProviderPartExt.h">
      <Filter>Header Files</Filter>
    </ClInclude>
    <ClInclude Include="Open3DViewer\GestureNavigationStyle.h">
      <Filter>Navigation Style</Filter>
    </ClInclude>
    <ClInclude Include="Open3DViewer\NavigationStyle.h">
      <Filter>Navigation Style</Filter>
    </ClInclude>
    <ClInclude Include="Open3DViewer\DLLConfig.h">
      <Filter>Header Files</Filter>
    </ClInclude>
    <ClInclude Include="Open3DViewer\MainViewer.h">
      <Filter>Header Files</Filter>
    </ClInclude>
  </ItemGroup>
  <ItemGroup>
    <QtMoc Include="Quarter\ContextMenu.h">
      <Filter>Quarter</Filter>
    </QtMoc>
    <QtMoc Include="Quarter\InteractionMode.h">
      <Filter>Quarter</Filter>
    </QtMoc>
    <QtMoc Include="Quarter\QuarterWidget.h">
      <Filter>Quarter</Filter>
    </QtMoc>
    <QtMoc Include="Quarter\SensorManager.h">
      <Filter>Quarter</Filter>
    </QtMoc>
    <QtMoc Include="Quarter\SignalThread.h">
      <Filter>Quarter</Filter>
    </QtMoc>
    <QtMoc Include="Quarter\eventhandlers\DragDropHandler.h">
      <Filter>Quarter</Filter>
    </QtMoc>
    <QtMoc Include="Quarter\eventhandlers\EventFilter.h">
      <Filter>Quarter</Filter>
    </QtMoc>
    <QtMoc Include="Quarter\eventhandlers\FocusHandler.h">
      <Filter>Quarter</Filter>
    </QtMoc>
    <QtMoc Include="Open3DViewer\Measure.h">
      <Filter>Header Files</Filter>
    </QtMoc>
  </ItemGroup>
</Project>